
Microsoft Visual Studio Solution File, Format Version 12.00
Project("{FAE04EC0-301F-11D3-BF4B-00C04F79EFBC}") = "AdventOfCode", "AdventOfCode\AdventOfCode.csproj", "{4C1FB831-55B5-4CC0-9CA7-A75983AE399E}"
EndProject
Global
	GlobalSection(SolutionConfigurationPlatforms) = preSolution
		Debug|Any CPU = Debug|Any CPU
		Release|Any CPU = Release|Any CPU
	EndGlobalSection
	GlobalSection(ProjectConfigurationPlatforms) = postSolution
		{4C1FB831-55B5-4CC0-9CA7-A75983AE399E}.Debug|Any CPU.ActiveCfg = Debug|Any CPU
		{4C1FB831-55B5-4CC0-9CA7-A75983AE399E}.Debug|Any CPU.Build.0 = Debug|Any CPU
		{4C1FB831-55B5-4CC0-9CA7-A75983AE399E}.Release|Any CPU.ActiveCfg = Release|Any CPU
		{4C1FB831-55B5-4CC0-9CA7-A75983AE399E}.Release|Any CPU.Build.0 = Release|Any CPU
	EndGlobalSection
EndGlobal
